// !$*UTF8*$!
{
	archiveVersion = 1;
	classes = {
	};
	objectVersion = 56;
	objects = {

/* Begin PBXBuildFile section */
		B80FBC722AE5715100118504 /* ChevronView.swift in Sources */ = {isa = PBXBuildFile; fileRef = B80FBC712AE5715100118504 /* ChevronView.swift */; };
		B80FBC742AE5929300118504 /* ViewUtilities.swift in Sources */ = {isa = PBXBuildFile; fileRef = B80FBC732AE5929300118504 /* ViewUtilities.swift */; };
		B8855D642ADEF80F008AF1C0 /* ContactImageRepository.swift in Sources */ = {isa = PBXBuildFile; fileRef = B8855D632ADEF80F008AF1C0 /* ContactImageRepository.swift */; };
		B8855D662ADEFA95008AF1C0 /* CachingPhotoRepository.swift in Sources */ = {isa = PBXBuildFile; fileRef = B8855D652ADEFA95008AF1C0 /* CachingPhotoRepository.swift */; };
		B8855D682ADF215B008AF1C0 /* RemoteContactImageSource.swift in Sources */ = {isa = PBXBuildFile; fileRef = B8855D672ADF215B008AF1C0 /* RemoteContactImageSource.swift */; };
		B8855D6A2ADF250B008AF1C0 /* PicsumPhotos.swift in Sources */ = {isa = PBXBuildFile; fileRef = B8855D692ADF250B008AF1C0 /* PicsumPhotos.swift */; };
		B8C194932AD47B71004320A7 /* AppDelegate.swift in Sources */ = {isa = PBXBuildFile; fileRef = B8C194922AD47B71004320A7 /* AppDelegate.swift */; };
		B8C194952AD47B71004320A7 /* SceneDelegate.swift in Sources */ = {isa = PBXBuildFile; fileRef = B8C194942AD47B71004320A7 /* SceneDelegate.swift */; };
		B8C194972AD47B71004320A7 /* ContactListViewController.swift in Sources */ = {isa = PBXBuildFile; fileRef = B8C194962AD47B71004320A7 /* ContactListViewController.swift */; };
		B8C1949A2AD47B71004320A7 /* Main.storyboard in Resources */ = {isa = PBXBuildFile; fileRef = B8C194982AD47B71004320A7 /* Main.storyboard */; };
		B8C1949C2AD47B73004320A7 /* Assets.xcassets in Resources */ = {isa = PBXBuildFile; fileRef = B8C1949B2AD47B73004320A7 /* Assets.xcassets */; };
		B8C1949F2AD47B73004320A7 /* LaunchScreen.storyboard in Resources */ = {isa = PBXBuildFile; fileRef = B8C1949D2AD47B73004320A7 /* LaunchScreen.storyboard */; };
		B8E3CAC12AD47E0300997A1B /* ContactListView.swift in Sources */ = {isa = PBXBuildFile; fileRef = B8E3CAC02AD47E0300997A1B /* ContactListView.swift */; };
		B8E3CACA2AD4A2CA00997A1B /* Colors.swift in Sources */ = {isa = PBXBuildFile; fileRef = B8E3CAC92AD4A2CA00997A1B /* Colors.swift */; };
		B8E8FE2E2AD5C4EA00838D4E /* ContactListRepository.swift in Sources */ = {isa = PBXBuildFile; fileRef = B8E8FE2D2AD5C4EA00838D4E /* ContactListRepository.swift */; };
		B8E8FE302AD5C67900838D4E /* Contact.swift in Sources */ = {isa = PBXBuildFile; fileRef = B8E8FE2F2AD5C67900838D4E /* Contact.swift */; };
		B8E8FE332AD5C70B00838D4E /* CachingContactListRepository.swift in Sources */ = {isa = PBXBuildFile; fileRef = B8E8FE322AD5C70B00838D4E /* CachingContactListRepository.swift */; };
		B8E8FE352AD5C9F000838D4E /* RemoteContactListSource.swift in Sources */ = {isa = PBXBuildFile; fileRef = B8E8FE342AD5C9F000838D4E /* RemoteContactListSource.swift */; };
		B8E8FE382AD5CA4800838D4E /* RemoteContact.swift in Sources */ = {isa = PBXBuildFile; fileRef = B8E8FE372AD5CA4800838D4E /* RemoteContact.swift */; };
		B8E8FE432AD5D81600838D4E /* GoRestContactList.swift in Sources */ = {isa = PBXBuildFile; fileRef = B8E8FE422AD5D81500838D4E /* GoRestContactList.swift */; };
		B8E8FE452AD5DD8B00838D4E /* IntIdentifiableContact.swift in Sources */ = {isa = PBXBuildFile; fileRef = B8E8FE442AD5DD8B00838D4E /* IntIdentifiableContact.swift */; };
		B8E8FE482AD5E25300838D4E /* GoRestContact.swift in Sources */ = {isa = PBXBuildFile; fileRef = B8E8FE472AD5E25300838D4E /* GoRestContact.swift */; };
		B8E8FE4B2AD5F0F400838D4E /* ContactListViewCell.swift in Sources */ = {isa = PBXBuildFile; fileRef = B8E8FE4A2AD5F0F400838D4E /* ContactListViewCell.swift */; };
/* End PBXBuildFile section */

/* Begin PBXFileReference section */
		B80FBC712AE5715100118504 /* ChevronView.swift */ = {isa = PBXFileReference; lastKnownFileType = sourcecode.swift; path = ChevronView.swift; sourceTree = "<group>"; };
		B80FBC732AE5929300118504 /* ViewUtilities.swift */ = {isa = PBXFileReference; lastKnownFileType = sourcecode.swift; path = ViewUtilities.swift; sourceTree = "<group>"; };
		B8855D632ADEF80F008AF1C0 /* ContactImageRepository.swift */ = {isa = PBXFileReference; lastKnownFileType = sourcecode.swift; path = ContactImageRepository.swift; sourceTree = "<group>"; };
		B8855D652ADEFA95008AF1C0 /* CachingPhotoRepository.swift */ = {isa = PBXFileReference; lastKnownFileType = sourcecode.swift; path = CachingPhotoRepository.swift; sourceTree = "<group>"; };
		B8855D672ADF215B008AF1C0 /* RemoteContactImageSource.swift */ = {isa = PBXFileReference; lastKnownFileType = sourcecode.swift; path = RemoteContactImageSource.swift; sourceTree = "<group>"; };
		B8855D692ADF250B008AF1C0 /* PicsumPhotos.swift */ = {isa = PBXFileReference; lastKnownFileType = sourcecode.swift; path = PicsumPhotos.swift; sourceTree = "<group>"; };
		B8C1948F2AD47B71004320A7 /* Pagodex.app */ = {isa = PBXFileReference; explicitFileType = wrapper.application; includeInIndex = 0; path = Pagodex.app; sourceTree = BUILT_PRODUCTS_DIR; };
		B8C194922AD47B71004320A7 /* AppDelegate.swift */ = {isa = PBXFileReference; lastKnownFileType = sourcecode.swift; path = AppDelegate.swift; sourceTree = "<group>"; };
		B8C194942AD47B71004320A7 /* SceneDelegate.swift */ = {isa = PBXFileReference; lastKnownFileType = sourcecode.swift; path = SceneDelegate.swift; sourceTree = "<group>"; };
		B8C194962AD47B71004320A7 /* ContactListViewController.swift */ = {isa = PBXFileReference; lastKnownFileType = sourcecode.swift; path = ContactListViewController.swift; sourceTree = "<group>"; };
		B8C194992AD47B71004320A7 /* Base */ = {isa = PBXFileReference; lastKnownFileType = file.storyboard; name = Base; path = Base.lproj/Main.storyboard; sourceTree = "<group>"; };
		B8C1949B2AD47B73004320A7 /* Assets.xcassets */ = {isa = PBXFileReference; lastKnownFileType = folder.assetcatalog; path = Assets.xcassets; sourceTree = "<group>"; };
		B8C1949E2AD47B73004320A7 /* Base */ = {isa = PBXFileReference; lastKnownFileType = file.storyboard; name = Base; path = Base.lproj/LaunchScreen.storyboard; sourceTree = "<group>"; };
		B8C194A02AD47B73004320A7 /* Info.plist */ = {isa = PBXFileReference; lastKnownFileType = text.plist.xml; path = Info.plist; sourceTree = "<group>"; };
		B8E3CAC02AD47E0300997A1B /* ContactListView.swift */ = {isa = PBXFileReference; lastKnownFileType = sourcecode.swift; path = ContactListView.swift; sourceTree = "<group>"; };
		B8E3CAC92AD4A2CA00997A1B /* Colors.swift */ = {isa = PBXFileReference; lastKnownFileType = sourcecode.swift; path = Colors.swift; sourceTree = "<group>"; };
		B8E8FE2D2AD5C4EA00838D4E /* ContactListRepository.swift */ = {isa = PBXFileReference; lastKnownFileType = sourcecode.swift; path = ContactListRepository.swift; sourceTree = "<group>"; };
		B8E8FE2F2AD5C67900838D4E /* Contact.swift */ = {isa = PBXFileReference; lastKnownFileType = sourcecode.swift; path = Contact.swift; sourceTree = "<group>"; };
		B8E8FE322AD5C70B00838D4E /* CachingContactListRepository.swift */ = {isa = PBXFileReference; lastKnownFileType = sourcecode.swift; path = CachingContactListRepository.swift; sourceTree = "<group>"; };
		B8E8FE342AD5C9F000838D4E /* RemoteContactListSource.swift */ = {isa = PBXFileReference; lastKnownFileType = sourcecode.swift; path = RemoteContactListSource.swift; sourceTree = "<group>"; };
		B8E8FE372AD5CA4800838D4E /* RemoteContact.swift */ = {isa = PBXFileReference; lastKnownFileType = sourcecode.swift; path = RemoteContact.swift; sourceTree = "<group>"; };
		B8E8FE422AD5D81500838D4E /* GoRestContactList.swift */ = {isa = PBXFileReference; lastKnownFileType = sourcecode.swift; path = GoRestContactList.swift; sourceTree = "<group>"; };
		B8E8FE442AD5DD8B00838D4E /* IntIdentifiableContact.swift */ = {isa = PBXFileReference; lastKnownFileType = sourcecode.swift; path = IntIdentifiableContact.swift; sourceTree = "<group>"; };
		B8E8FE472AD5E25300838D4E /* GoRestContact.swift */ = {isa = PBXFileReference; lastKnownFileType = sourcecode.swift; path = GoRestContact.swift; sourceTree = "<group>"; };
		B8E8FE4A2AD5F0F400838D4E /* ContactListViewCell.swift */ = {isa = PBXFileReference; lastKnownFileType = sourcecode.swift; path = ContactListViewCell.swift; sourceTree = "<group>"; };
/* End PBXFileReference section */

/* Begin PBXFrameworksBuildPhase section */
		B8C1948C2AD47B71004320A7 /* Frameworks */ = {
			isa = PBXFrameworksBuildPhase;
			buildActionMask = 2147483647;
			files = (
			);
			runOnlyForDeploymentPostprocessing = 0;
		};
/* End PBXFrameworksBuildPhase section */

/* Begin PBXGroup section */
		B8855D6B2ADF2951008AF1C0 /* Images */ = {
			isa = PBXGroup;
			children = (
				B8855D652ADEFA95008AF1C0 /* CachingPhotoRepository.swift */,
				B8855D632ADEF80F008AF1C0 /* ContactImageRepository.swift */,
				B8855D692ADF250B008AF1C0 /* PicsumPhotos.swift */,
				B8855D672ADF215B008AF1C0 /* RemoteContactImageSource.swift */,
			);
			path = Images;
			sourceTree = "<group>";
		};
		B8C194862AD47B71004320A7 = {
			isa = PBXGroup;
			children = (
				B8C194912AD47B71004320A7 /* Pagodex */,
				B8C194902AD47B71004320A7 /* Products */,
			);
			sourceTree = "<group>";
		};
		B8C194902AD47B71004320A7 /* Products */ = {
			isa = PBXGroup;
			children = (
				B8C1948F2AD47B71004320A7 /* Pagodex.app */,
			);
			name = Products;
			sourceTree = "<group>";
		};
		B8C194912AD47B71004320A7 /* Pagodex */ = {
			isa = PBXGroup;
			children = (
				B8E3CABF2AD47DF100997A1B /* Contacts */,
				B8E3CAC82AD4A2B500997A1B /* Core */,
				B8C194922AD47B71004320A7 /* AppDelegate.swift */,
				B8C194942AD47B71004320A7 /* SceneDelegate.swift */,
				B8C194982AD47B71004320A7 /* Main.storyboard */,
				B8C1949B2AD47B73004320A7 /* Assets.xcassets */,
				B8C1949D2AD47B73004320A7 /* LaunchScreen.storyboard */,
				B8C194A02AD47B73004320A7 /* Info.plist */,
			);
			path = Pagodex;
			sourceTree = "<group>";
		};
		B8E3CABF2AD47DF100997A1B /* Contacts */ = {
			isa = PBXGroup;
			children = (
				B8855D6B2ADF2951008AF1C0 /* Images */,
				B8E8FE492AD5ECD300838D4E /* ListScreen */,
				B8E8FE362AD5CA1A00838D4E /* Remote */,
				B8E8FE312AD5C6E300838D4E /* Repository */,
				B8E8FE442AD5DD8B00838D4E /* IntIdentifiableContact.swift */,
			);
			path = Contacts;
			sourceTree = "<group>";
		};
		B8E3CAC82AD4A2B500997A1B /* Core */ = {
			isa = PBXGroup;
			children = (
				B8E3CAC92AD4A2CA00997A1B /* Colors.swift */,
				B80FBC732AE5929300118504 /* ViewUtilities.swift */,
			);
			path = Core;
			sourceTree = "<group>";
		};
		B8E8FE312AD5C6E300838D4E /* Repository */ = {
			isa = PBXGroup;
			children = (
				B8E8FE322AD5C70B00838D4E /* CachingContactListRepository.swift */,
				B8E8FE2F2AD5C67900838D4E /* Contact.swift */,
				B8E8FE2D2AD5C4EA00838D4E /* ContactListRepository.swift */,
			);
			path = Repository;
			sourceTree = "<group>";
		};
		B8E8FE362AD5CA1A00838D4E /* Remote */ = {
			isa = PBXGroup;
			children = (
				B8E8FE462AD5E24600838D4E /* GoRest */,
				B8E8FE372AD5CA4800838D4E /* RemoteContact.swift */,
				B8E8FE342AD5C9F000838D4E /* RemoteContactListSource.swift */,
			);
			path = Remote;
			sourceTree = "<group>";
		};
		B8E8FE462AD5E24600838D4E /* GoRest */ = {
			isa = PBXGroup;
			children = (
				B8E8FE472AD5E25300838D4E /* GoRestContact.swift */,
				B8E8FE422AD5D81500838D4E /* GoRestContactList.swift */,
			);
			path = GoRest;
			sourceTree = "<group>";
		};
		B8E8FE492AD5ECD300838D4E /* ListScreen */ = {
			isa = PBXGroup;
			children = (
				B8E3CAC02AD47E0300997A1B /* ContactListView.swift */,
				B8E8FE4A2AD5F0F400838D4E /* ContactListViewCell.swift */,
				B8C194962AD47B71004320A7 /* ContactListViewController.swift */,
				B80FBC712AE5715100118504 /* ChevronView.swift */,
			);
			path = ListScreen;
			sourceTree = "<group>";
		};
/* End PBXGroup section */

/* Begin PBXNativeTarget section */
		B8C1948E2AD47B71004320A7 /* Pagodex */ = {
			isa = PBXNativeTarget;
			buildConfigurationList = B8C194A32AD47B73004320A7 /* Build configuration list for PBXNativeTarget "Pagodex" */;
			buildPhases = (
				B8C1948B2AD47B71004320A7 /* Sources */,
				B8C1948C2AD47B71004320A7 /* Frameworks */,
				B8C1948D2AD47B71004320A7 /* Resources */,
			);
			buildRules = (
			);
			dependencies = (
			);
			name = Pagodex;
			productName = Pagodex;
			productReference = B8C1948F2AD47B71004320A7 /* Pagodex.app */;
			productType = "com.apple.product-type.application";
		};
/* End PBXNativeTarget section */

/* Begin PBXProject section */
		B8C194872AD47B71004320A7 /* Project object */ = {
			isa = PBXProject;
			attributes = {
				BuildIndependentTargetsInParallel = 1;
				LastSwiftUpdateCheck = 1430;
				LastUpgradeCheck = 1430;
				TargetAttributes = {
					B8C1948E2AD47B71004320A7 = {
						CreatedOnToolsVersion = 14.3.1;
					};
				};
			};
			buildConfigurationList = B8C1948A2AD47B71004320A7 /* Build configuration list for PBXProject "Pagodex" */;
			compatibilityVersion = "Xcode 14.0";
			developmentRegion = en;
			hasScannedForEncodings = 0;
			knownRegions = (
				en,
				Base,
			);
			mainGroup = B8C194862AD47B71004320A7;
			productRefGroup = B8C194902AD47B71004320A7 /* Products */;
			projectDirPath = "";
			projectRoot = "";
			targets = (
				B8C1948E2AD47B71004320A7 /* Pagodex */,
			);
		};
/* End PBXProject section */

/* Begin PBXResourcesBuildPhase section */
		B8C1948D2AD47B71004320A7 /* Resources */ = {
			isa = PBXResourcesBuildPhase;
			buildActionMask = 2147483647;
			files = (
				B8C1949F2AD47B73004320A7 /* LaunchScreen.storyboard in Resources */,
				B8C1949C2AD47B73004320A7 /* Assets.xcassets in Resources */,
				B8C1949A2AD47B71004320A7 /* Main.storyboard in Resources */,
			);
			runOnlyForDeploymentPostprocessing = 0;
		};
/* End PBXResourcesBuildPhase section */

/* Begin PBXSourcesBuildPhase section */
		B8C1948B2AD47B71004320A7 /* Sources */ = {
			isa = PBXSourcesBuildPhase;
			buildActionMask = 2147483647;
			files = (
				B8E8FE432AD5D81600838D4E /* GoRestContactList.swift in Sources */,
				B80FBC742AE5929300118504 /* ViewUtilities.swift in Sources */,
				B8C194972AD47B71004320A7 /* ContactListViewController.swift in Sources */,
				B8E3CACA2AD4A2CA00997A1B /* Colors.swift in Sources */,
				B8E8FE352AD5C9F000838D4E /* RemoteContactListSource.swift in Sources */,
				B8E8FE332AD5C70B00838D4E /* CachingContactListRepository.swift in Sources */,
				B8E8FE2E2AD5C4EA00838D4E /* ContactListRepository.swift in Sources */,
				B80FBC722AE5715100118504 /* ChevronView.swift in Sources */,
				B8E8FE482AD5E25300838D4E /* GoRestContact.swift in Sources */,
				B8E8FE452AD5DD8B00838D4E /* IntIdentifiableContact.swift in Sources */,
				B8855D682ADF215B008AF1C0 /* RemoteContactImageSource.swift in Sources */,
				B8C194932AD47B71004320A7 /* AppDelegate.swift in Sources */,
				B8C194952AD47B71004320A7 /* SceneDelegate.swift in Sources */,
				B8855D642ADEF80F008AF1C0 /* ContactImageRepository.swift in Sources */,
				B8855D662ADEFA95008AF1C0 /* CachingPhotoRepository.swift in Sources */,
				B8E3CAC12AD47E0300997A1B /* ContactListView.swift in Sources */,
				B8855D6A2ADF250B008AF1C0 /* PicsumPhotos.swift in Sources */,
				B8E8FE382AD5CA4800838D4E /* RemoteContact.swift in Sources */,
				B8E8FE4B2AD5F0F400838D4E /* ContactListViewCell.swift in Sources */,
				B8E8FE302AD5C67900838D4E /* Contact.swift in Sources */,
			);
			runOnlyForDeploymentPostprocessing = 0;
		};
/* End PBXSourcesBuildPhase section */

/* Begin PBXVariantGroup section */
		B8C194982AD47B71004320A7 /* Main.storyboard */ = {
			isa = PBXVariantGroup;
			children = (
				B8C194992AD47B71004320A7 /* Base */,
			);
			name = Main.storyboard;
			sourceTree = "<group>";
		};
		B8C1949D2AD47B73004320A7 /* LaunchScreen.storyboard */ = {
			isa = PBXVariantGroup;
			children = (
				B8C1949E2AD47B73004320A7 /* Base */,
			);
			name = LaunchScreen.storyboard;
			sourceTree = "<group>";
		};
/* End PBXVariantGroup section */

/* Begin XCBuildConfiguration section */
		B8C194A12AD47B73004320A7 /* Debug */ = {
			isa = XCBuildConfiguration;
			buildSettings = {
				ALWAYS_SEARCH_USER_PATHS = NO;
				CLANG_ANALYZER_NONNULL = YES;
				CLANG_ANALYZER_NUMBER_OBJECT_CONVERSION = YES_AGGRESSIVE;
				CLANG_CXX_LANGUAGE_STANDARD = "gnu++20";
				CLANG_ENABLE_MODULES = YES;
				CLANG_ENABLE_OBJC_ARC = YES;
				CLANG_ENABLE_OBJC_WEAK = YES;
				CLANG_WARN_BLOCK_CAPTURE_AUTORELEASING = YES;
				CLANG_WARN_BOOL_CONVERSION = YES;
				CLANG_WARN_COMMA = YES;
				CLANG_WARN_CONSTANT_CONVERSION = YES;
				CLANG_WARN_DEPRECATED_OBJC_IMPLEMENTATIONS = YES;
				CLANG_WARN_DIRECT_OBJC_ISA_USAGE = YES_ERROR;
				CLANG_WARN_DOCUMENTATION_COMMENTS = YES;
				CLANG_WARN_EMPTY_BODY = YES;
				CLANG_WARN_ENUM_CONVERSION = YES;
				CLANG_WARN_INFINITE_RECURSION = YES;
				CLANG_WARN_INT_CONVERSION = YES;
				CLANG_WARN_NON_LITERAL_NULL_CONVERSION = YES;
				CLANG_WARN_OBJC_IMPLICIT_RETAIN_SELF = YES;
				CLANG_WARN_OBJC_LITERAL_CONVERSION = YES;
				CLANG_WARN_OBJC_ROOT_CLASS = YES_ERROR;
				CLANG_WARN_QUOTED_INCLUDE_IN_FRAMEWORK_HEADER = YES;
				CLANG_WARN_RANGE_LOOP_ANALYSIS = YES;
				CLANG_WARN_STRICT_PROTOTYPES = YES;
				CLANG_WARN_SUSPICIOUS_MOVE = YES;
				CLANG_WARN_UNGUARDED_AVAILABILITY = YES_AGGRESSIVE;
				CLANG_WARN_UNREACHABLE_CODE = YES;
				CLANG_WARN__DUPLICATE_METHOD_MATCH = YES;
				COPY_PHASE_STRIP = NO;
				DEBUG_INFORMATION_FORMAT = dwarf;
				ENABLE_STRICT_OBJC_MSGSEND = YES;
				ENABLE_TESTABILITY = YES;
				GCC_C_LANGUAGE_STANDARD = gnu11;
				GCC_DYNAMIC_NO_PIC = NO;
				GCC_NO_COMMON_BLOCKS = YES;
				GCC_OPTIMIZATION_LEVEL = 0;
				GCC_PREPROCESSOR_DEFINITIONS = (
					"DEBUG=1",
					"$(inherited)",
				);
				GCC_WARN_64_TO_32_BIT_CONVERSION = YES;
				GCC_WARN_ABOUT_RETURN_TYPE = YES_ERROR;
				GCC_WARN_UNDECLARED_SELECTOR = YES;
				GCC_WARN_UNINITIALIZED_AUTOS = YES_AGGRESSIVE;
				GCC_WARN_UNUSED_FUNCTION = YES;
				GCC_WARN_UNUSED_VARIABLE = YES;
				IPHONEOS_DEPLOYMENT_TARGET = 16.4;
				MTL_ENABLE_DEBUG_INFO = INCLUDE_SOURCE;
				MTL_FAST_MATH = YES;
				ONLY_ACTIVE_ARCH = YES;
				SDKROOT = iphoneos;
				SWIFT_ACTIVE_COMPILATION_CONDITIONS = DEBUG;
				SWIFT_OPTIMIZATION_LEVEL = "-Onone";
			};
			name = Debug;
		};
		B8C194A22AD47B73004320A7 /* Release */ = {
			isa = XCBuildConfiguration;
			buildSettings = {
				ALWAYS_SEARCH_USER_PATHS = NO;
				CLANG_ANALYZER_NONNULL = YES;
				CLANG_ANALYZER_NUMBER_OBJECT_CONVERSION = YES_AGGRESSIVE;
				CLANG_CXX_LANGUAGE_STANDARD = "gnu++20";
				CLANG_ENABLE_MODULES = YES;
				CLANG_ENABLE_OBJC_ARC = YES;
				CLANG_ENABLE_OBJC_WEAK = YES;
				CLANG_WARN_BLOCK_CAPTURE_AUTORELEASING = YES;
				CLANG_WARN_BOOL_CONVERSION = YES;
				CLANG_WARN_COMMA = YES;
				CLANG_WARN_CONSTANT_CONVERSION = YES;
				CLANG_WARN_DEPRECATED_OBJC_IMPLEMENTATIONS = YES;
				CLANG_WARN_DIRECT_OBJC_ISA_USAGE = YES_ERROR;
				CLANG_WARN_DOCUMENTATION_COMMENTS = YES;
				CLANG_WARN_EMPTY_BODY = YES;
				CLANG_WARN_ENUM_CONVERSION = YES;
				CLANG_WARN_INFINITE_RECURSION = YES;
				CLANG_WARN_INT_CONVERSION = YES;
				CLANG_WARN_NON_LITERAL_NULL_CONVERSION = YES;
				CLANG_WARN_OBJC_IMPLICIT_RETAIN_SELF = YES;
				CLANG_WARN_OBJC_LITERAL_CONVERSION = YES;
				CLANG_WARN_OBJC_ROOT_CLASS = YES_ERROR;
				CLANG_WARN_QUOTED_INCLUDE_IN_FRAMEWORK_HEADER = YES;
				CLANG_WARN_RANGE_LOOP_ANALYSIS = YES;
				CLANG_WARN_STRICT_PROTOTYPES = YES;
				CLANG_WARN_SUSPICIOUS_MOVE = YES;
				CLANG_WARN_UNGUARDED_AVAILABILITY = YES_AGGRESSIVE;
				CLANG_WARN_UNREACHABLE_CODE = YES;
				CLANG_WARN__DUPLICATE_METHOD_MATCH = YES;
				COPY_PHASE_STRIP = NO;
				DEBUG_INFORMATION_FORMAT = "dwarf-with-dsym";
				ENABLE_NS_ASSERTIONS = NO;
				ENABLE_STRICT_OBJC_MSGSEND = YES;
				GCC_C_LANGUAGE_STANDARD = gnu11;
				GCC_NO_COMMON_BLOCKS = YES;
				GCC_WARN_64_TO_32_BIT_CONVERSION = YES;
				GCC_WARN_ABOUT_RETURN_TYPE = YES_ERROR;
				GCC_WARN_UNDECLARED_SELECTOR = YES;
				GCC_WARN_UNINITIALIZED_AUTOS = YES_AGGRESSIVE;
				GCC_WARN_UNUSED_FUNCTION = YES;
				GCC_WARN_UNUSED_VARIABLE = YES;
				IPHONEOS_DEPLOYMENT_TARGET = 16.4;
				MTL_ENABLE_DEBUG_INFO = NO;
				MTL_FAST_MATH = YES;
				SDKROOT = iphoneos;
				SWIFT_COMPILATION_MODE = wholemodule;
				SWIFT_OPTIMIZATION_LEVEL = "-O";
				VALIDATE_PRODUCT = YES;
			};
			name = Release;
		};
		B8C194A42AD47B73004320A7 /* Debug */ = {
			isa = XCBuildConfiguration;
			buildSettings = {
				ASSETCATALOG_COMPILER_APPICON_NAME = AppIcon;
				ASSETCATALOG_COMPILER_GLOBAL_ACCENT_COLOR_NAME = AccentColor;
				CODE_SIGN_STYLE = Automatic;
				CURRENT_PROJECT_VERSION = 1;
				DEVELOPMENT_TEAM = UXLUB77RV4;
				GENERATE_INFOPLIST_FILE = YES;
				INFOPLIST_FILE = Pagodex/Info.plist;
				INFOPLIST_KEY_UIApplicationSupportsIndirectInputEvents = YES;
				INFOPLIST_KEY_UILaunchStoryboardName = LaunchScreen.storyboard;
				INFOPLIST_KEY_UIRequiresFullScreen = YES;
				INFOPLIST_KEY_UISupportedInterfaceOrientations = UIInterfaceOrientationPortrait;
				INFOPLIST_KEY_UISupportedInterfaceOrientations_iPad = "UIInterfaceOrientationPortrait UIInterfaceOrientationPortraitUpsideDown";
				LD_RUNPATH_SEARCH_PATHS = (
					"$(inherited)",
					"@executable_path/Frameworks",
				);
				MARKETING_VERSION = 1.0;
				PRODUCT_BUNDLE_IDENTIFIER = mn.claudiu.Pagodex;
				PRODUCT_NAME = "$(TARGET_NAME)";
				SWIFT_EMIT_LOC_STRINGS = YES;
				SWIFT_VERSION = 5.0;
				TARGETED_DEVICE_FAMILY = "1,2";
			};
			name = Debug;
		};
		B8C194A52AD47B73004320A7 /* Release */ = {
			isa = XCBuildConfiguration;
			buildSettings = {
				ASSETCATALOG_COMPILER_APPICON_NAME = AppIcon;
				ASSETCATALOG_COMPILER_GLOBAL_ACCENT_COLOR_NAME = AccentColor;
				CODE_SIGN_STYLE = Automatic;
				CURRENT_PROJECT_VERSION = 1;
				DEVELOPMENT_TEAM = UXLUB77RV4;
				GENERATE_INFOPLIST_FILE = YES;
				INFOPLIST_FILE = Pagodex/Info.plist;
				INFOPLIST_KEY_UIApplicationSupportsIndirectInputEvents = YES;
				INFOPLIST_KEY_UILaunchStoryboardName = LaunchScreen.storyboard;
				INFOPLIST_KEY_UIRequiresFullScreen = YES;
				INFOPLIST_KEY_UISupportedInterfaceOrientations = UIInterfaceOrientationPortrait;
				INFOPLIST_KEY_UISupportedInterfaceOrientations_iPad = "UIInterfaceOrientationPortrait UIInterfaceOrientationPortraitUpsideDown";
				LD_RUNPATH_SEARCH_PATHS = (
					"$(inherited)",
					"@executable_path/Frameworks",
				);
				MARKETING_VERSION = 1.0;
				PRODUCT_BUNDLE_IDENTIFIER = mn.claudiu.Pagodex;
				PRODUCT_NAME = "$(TARGET_NAME)";
				SWIFT_EMIT_LOC_STRINGS = YES;
				SWIFT_VERSION = 5.0;
				TARGETED_DEVICE_FAMILY = "1,2";
			};
			name = Release;
		};
/* End XCBuildConfiguration section */

/* Begin XCConfigurationList section */
		B8C1948A2AD47B71004320A7 /* Build configuration list for PBXProject "Pagodex" */ = {
			isa = XCConfigurationList;
			buildConfigurations = (
				B8C194A12AD47B73004320A7 /* Debug */,
				B8C194A22AD47B73004320A7 /* Release */,
			);
			defaultConfigurationIsVisible = 0;
			defaultConfigurationName = Release;
		};
		B8C194A32AD47B73004320A7 /* Build configuration list for PBXNativeTarget "Pagodex" */ = {
			isa = XCConfigurationList;
			buildConfigurations = (
				B8C194A42AD47B73004320A7 /* Debug */,
				B8C194A52AD47B73004320A7 /* Release */,
			);
			defaultConfigurationIsVisible = 0;
			defaultConfigurationName = Release;
		};
/* End XCConfigurationList section */
	};
	rootObject = B8C194872AD47B71004320A7 /* Project object */;
}
